
Microsoft Visual Studio Solution File, Format Version 12.00
# Visual Studio Version 16
VisualStudioVersion = 16.0.29709.97
MinimumVisualStudioVersion = 10.0.40219.1
Project("{FAE04EC0-301F-11D3-BF4B-00C04F79EFBC}") = "MassTransit_Sample_Console", "MassTransit_Sample_Console\MassTransit_Sample_Console.csproj", "{1325A7D3-813E-4F0C-9A65-EEE8A1B35168}"
EndProject
Global
	GlobalSection(SolutionConfigurationPlatforms) = preSolution
		Debug|Any CPU = Debug|Any CPU
		Release|Any CPU = Release|Any CPU
	EndGlobalSection
	GlobalSection(ProjectConfigurationPlatforms) = postSolution
		{1325A7D3-813E-4F0C-9A65-EEE8A1B35168}.Debug|Any CPU.ActiveCfg = Debug|Any CPU
		{1325A7D3-813E-4F0C-9A65-EEE8A1B35168}.Debug|Any CPU.Build.0 = Debug|Any CPU
		{1325A7D3-813E-4F0C-9A65-EEE8A1B35168}.Release|Any CPU.ActiveCfg = Release|Any CPU
		{1325A7D3-813E-4F0C-9A65-EEE8A1B35168}.Release|Any CPU.Build.0 = Release|Any CPU
	EndGlobalSection
	GlobalSection(SolutionProperties) = preSolution
		HideSolutionNode = FALSE
	EndGlobalSection
	GlobalSection(ExtensibilityGlobals) = postSolution
		SolutionGuid = {9227F941-A424-46D8-91AE-97E7BD7B8D07}
	EndGlobalSection
EndGlobal
